// !$*UTF8*$!
{
	archiveVersion = 1;
	classes = {
	};
	objectVersion = 46;
	objects = {

/* Begin PBXBuildFile section */
		6420885B3505E8300D5CBAD7 /* Pods_MyWeatherAppUITests.framework in Frameworks */ = {isa = PBXBuildFile; fileRef = F7C8C970CE398D461B9C1B6F /* Pods_MyWeatherAppUITests.framework */; };
		68A459CEC58F0A4E8107A681 /* Pods_MyWeatherAppTests.framework in Frameworks */ = {isa = PBXBuildFile; fileRef = B94691ACA51D392416443786 /* Pods_MyWeatherAppTests.framework */; };
		6ACD83B2FDE500936C1BA252 /* Pods_MyWeatherApp.framework in Frameworks */ = {isa = PBXBuildFile; fileRef = 12A18A4CBCCDBD8CD661F767 /* Pods_MyWeatherApp.framework */; };
		DB289D851F195602002830B7 /* Constants.swift in Sources */ = {isa = PBXBuildFile; fileRef = DB289D841F195602002830B7 /* Constants.swift */; };
		DB289D871F195885002830B7 /* CurrentWeather.swift in Sources */ = {isa = PBXBuildFile; fileRef = DB289D861F195885002830B7 /* CurrentWeather.swift */; };
		DB289D891F19774D002830B7 /* Forecast.swift in Sources */ = {isa = PBXBuildFile; fileRef = DB289D881F19774D002830B7 /* Forecast.swift */; };
		DB289D8B1F1990FD002830B7 /* WeatherCell.swift in Sources */ = {isa = PBXBuildFile; fileRef = DB289D8A1F1990FD002830B7 /* WeatherCell.swift */; };
		DB289D8D1F1D4F6E002830B7 /* Location.swift in Sources */ = {isa = PBXBuildFile; fileRef = DB289D8C1F1D4F6E002830B7 /* Location.swift */; };
		DBDB24071F1827F2006084C2 /* AppDelegate.swift in Sources */ = {isa = PBXBuildFile; fileRef = DBDB24061F1827F2006084C2 /* AppDelegate.swift */; };
		DBDB24091F1827F2006084C2 /* WeatherViewController.swift in Sources */ = {isa = PBXBuildFile; fileRef = DBDB24081F1827F2006084C2 /* WeatherViewController.swift */; };
		DBDB240C1F1827F2006084C2 /* Main.storyboard in Resources */ = {isa = PBXBuildFile; fileRef = DBDB240A1F1827F2006084C2 /* Main.storyboard */; };
		DBDB240E1F1827F2006084C2 /* Assets.xcassets in Resources */ = {isa = PBXBuildFile; fileRef = DBDB240D1F1827F2006084C2 /* Assets.xcassets */; };
		DBDB24111F1827F2006084C2 /* LaunchScreen.storyboard in Resources */ = {isa = PBXBuildFile; fileRef = DBDB240F1F1827F2006084C2 /* LaunchScreen.storyboard */; };
		DBDB241C1F1827F3006084C2 /* MyWeatherAppTests.swift in Sources */ = {isa = PBXBuildFile; fileRef = DBDB241B1F1827F3006084C2 /* MyWeatherAppTests.swift */; };
		DBDB24271F1827F3006084C2 /* MyWeatherAppUITests.swift in Sources */ = {isa = PBXBuildFile; fileRef = DBDB24261F1827F3006084C2 /* MyWeatherAppUITests.swift */; };
/* End PBXBuildFile section */

/* Begin PBXContainerItemProxy section */
		DBDB24181F1827F3006084C2 /* PBXContainerItemProxy */ = {
			isa = PBXContainerItemProxy;
			containerPortal = DBDB23FB1F1827F2006084C2 /* Project object */;
			proxyType = 1;
			remoteGlobalIDString = DBDB24021F1827F2006084C2;
			remoteInfo = MyWeatherApp;
		};
		DBDB24231F1827F3006084C2 /* PBXContainerItemProxy */ = {
			isa = PBXContainerItemProxy;
			containerPortal = DBDB23FB1F1827F2006084C2 /* Project object */;
			proxyType = 1;
			remoteGlobalIDString = DBDB24021F1827F2006084C2;
			remoteInfo = MyWeatherApp;
		};
/* End PBXContainerItemProxy section */

/* Begin PBXFileReference section */
		0CFFE60014596BD727CC7152 /* Pods-MyWeatherAppTests.debug.xcconfig */ = {isa = PBXFileReference; includeInIndex = 1; lastKnownFileType = text.xcconfig; name = "Pods-MyWeatherAppTests.debug.xcconfig"; path = "Pods/Target Support Files/Pods-MyWeatherAppTests/Pods-MyWeatherAppTests.debug.xcconfig"; sourceTree = "<group>"; };
		12A18A4CBCCDBD8CD661F767 /* Pods_MyWeatherApp.framework */ = {isa = PBXFileReference; explicitFileType = wrapper.framework; includeInIndex = 0; path = Pods_MyWeatherApp.framework; sourceTree = BUILT_PRODUCTS_DIR; };
		48C99989CCC9DDAE2CC17D8F /* Pods-MyWeatherApp.release.xcconfig */ = {isa = PBXFileReference; includeInIndex = 1; lastKnownFileType = text.xcconfig; name = "Pods-MyWeatherApp.release.xcconfig"; path = "Pods/Target Support Files/Pods-MyWeatherApp/Pods-MyWeatherApp.release.xcconfig"; sourceTree = "<group>"; };
		7EC25549E540F0C7EA62FCA0 /* Pods-MyWeatherAppUITests.debug.xcconfig */ = {isa = PBXFileReference; includeInIndex = 1; lastKnownFileType = text.xcconfig; name = "Pods-MyWeatherAppUITests.debug.xcconfig"; path = "Pods/Target Support Files/Pods-MyWeatherAppUITests/Pods-MyWeatherAppUITests.debug.xcconfig"; sourceTree = "<group>"; };
		801157B0B9EE465A925ECFBE /* Pods-MyWeatherApp.debug.xcconfig */ = {isa = PBXFileReference; includeInIndex = 1; lastKnownFileType = text.xcconfig; name = "Pods-MyWeatherApp.debug.xcconfig"; path = "Pods/Target Support Files/Pods-MyWeatherApp/Pods-MyWeatherApp.debug.xcconfig"; sourceTree = "<group>"; };
		93AA011D1C87C62D12C2DE57 /* Pods-MyWeatherAppUITests.release.xcconfig */ = {isa = PBXFileReference; includeInIndex = 1; lastKnownFileType = text.xcconfig; name = "Pods-MyWeatherAppUITests.release.xcconfig"; path = "Pods/Target Support Files/Pods-MyWeatherAppUITests/Pods-MyWeatherAppUITests.release.xcconfig"; sourceTree = "<group>"; };
		B94691ACA51D392416443786 /* Pods_MyWeatherAppTests.framework */ = {isa = PBXFileReference; explicitFileType = wrapper.framework; includeInIndex = 0; path = Pods_MyWeatherAppTests.framework; sourceTree = BUILT_PRODUCTS_DIR; };
		C2D6F0CF664489999AAC2531 /* Pods-MyWeatherAppTests.release.xcconfig */ = {isa = PBXFileReference; includeInIndex = 1; lastKnownFileType = text.xcconfig; name = "Pods-MyWeatherAppTests.release.xcconfig"; path = "Pods/Target Support Files/Pods-MyWeatherAppTests/Pods-MyWeatherAppTests.release.xcconfig"; sourceTree = "<group>"; };
		DB289D841F195602002830B7 /* Constants.swift */ = {isa = PBXFileReference; fileEncoding = 4; lastKnownFileType = sourcecode.swift; path = Constants.swift; sourceTree = "<group>"; };
		DB289D861F195885002830B7 /* CurrentWeather.swift */ = {isa = PBXFileReference; fileEncoding = 4; lastKnownFileType = sourcecode.swift; path = CurrentWeather.swift; sourceTree = "<group>"; };
		DB289D881F19774D002830B7 /* Forecast.swift */ = {isa = PBXFileReference; fileEncoding = 4; lastKnownFileType = sourcecode.swift; path = Forecast.swift; sourceTree = "<group>"; };
		DB289D8A1F1990FD002830B7 /* WeatherCell.swift */ = {isa = PBXFileReference; fileEncoding = 4; lastKnownFileType = sourcecode.swift; path = WeatherCell.swift; sourceTree = "<group>"; };
		DB289D8C1F1D4F6E002830B7 /* Location.swift */ = {isa = PBXFileReference; fileEncoding = 4; lastKnownFileType = sourcecode.swift; path = Location.swift; sourceTree = "<group>"; };
		DBDB24031F1827F2006084C2 /* MyWeatherApp.app */ = {isa = PBXFileReference; explicitFileType = wrapper.application; includeInIndex = 0; path = MyWeatherApp.app; sourceTree = BUILT_PRODUCTS_DIR; };
		DBDB24061F1827F2006084C2 /* AppDelegate.swift */ = {isa = PBXFileReference; lastKnownFileType = sourcecode.swift; path = AppDelegate.swift; sourceTree = "<group>"; };
		DBDB24081F1827F2006084C2 /* WeatherViewController.swift */ = {isa = PBXFileReference; lastKnownFileType = sourcecode.swift; path = WeatherViewController.swift; sourceTree = "<group>"; };
		DBDB240B1F1827F2006084C2 /* Base */ = {isa = PBXFileReference; lastKnownFileType = file.storyboard; name = Base; path = Base.lproj/Main.storyboard; sourceTree = "<group>"; };
		DBDB240D1F1827F2006084C2 /* Assets.xcassets */ = {isa = PBXFileReference; lastKnownFileType = folder.assetcatalog; path = Assets.xcassets; sourceTree = "<group>"; };
		DBDB24101F1827F2006084C2 /* Base */ = {isa = PBXFileReference; lastKnownFileType = file.storyboard; name = Base; path = Base.lproj/LaunchScreen.storyboard; sourceTree = "<group>"; };
		DBDB24121F1827F2006084C2 /* Info.plist */ = {isa = PBXFileReference; lastKnownFileType = text.plist.xml; path = Info.plist; sourceTree = "<group>"; };
		DBDB24171F1827F3006084C2 /* MyWeatherAppTests.xctest */ = {isa = PBXFileReference; explicitFileType = wrapper.cfbundle; includeInIndex = 0; path = MyWeatherAppTests.xctest; sourceTree = BUILT_PRODUCTS_DIR; };
		DBDB241B1F1827F3006084C2 /* MyWeatherAppTests.swift */ = {isa = PBXFileReference; lastKnownFileType = sourcecode.swift; path = MyWeatherAppTests.swift; sourceTree = "<group>"; };
		DBDB241D1F1827F3006084C2 /* Info.plist */ = {isa = PBXFileReference; lastKnownFileType = text.plist.xml; path = Info.plist; sourceTree = "<group>"; };
		DBDB24221F1827F3006084C2 /* MyWeatherAppUITests.xctest */ = {isa = PBXFileReference; explicitFileType = wrapper.cfbundle; includeInIndex = 0; path = MyWeatherAppUITests.xctest; sourceTree = BUILT_PRODUCTS_DIR; };
		DBDB24261F1827F3006084C2 /* MyWeatherAppUITests.swift */ = {isa = PBXFileReference; lastKnownFileType = sourcecode.swift; path = MyWeatherAppUITests.swift; sourceTree = "<group>"; };
		DBDB24281F1827F3006084C2 /* Info.plist */ = {isa = PBXFileReference; lastKnownFileType = text.plist.xml; path = Info.plist; sourceTree = "<group>"; };
		F7C8C970CE398D461B9C1B6F /* Pods_MyWeatherAppUITests.framework */ = {isa = PBXFileReference; explicitFileType = wrapper.framework; includeInIndex = 0; path = Pods_MyWeatherAppUITests.framework; sourceTree = BUILT_PRODUCTS_DIR; };
/* End PBXFileReference section */

/* Begin PBXFrameworksBuildPhase section */
		DBDB24001F1827F2006084C2 /* Frameworks */ = {
			isa = PBXFrameworksBuildPhase;
			buildActionMask = 2147483647;
			files = (
				6ACD83B2FDE500936C1BA252 /* Pods_MyWeatherApp.framework in Frameworks */,
			);
			runOnlyForDeploymentPostprocessing = 0;
		};
		DBDB24141F1827F3006084C2 /* Frameworks */ = {
			isa = PBXFrameworksBuildPhase;
			buildActionMask = 2147483647;
			files = (
				68A459CEC58F0A4E8107A681 /* Pods_MyWeatherAppTests.framework in Frameworks */,
			);
			runOnlyForDeploymentPostprocessing = 0;
		};
		DBDB241F1F1827F3006084C2 /* Frameworks */ = {
			isa = PBXFrameworksBuildPhase;
			buildActionMask = 2147483647;
			files = (
				6420885B3505E8300D5CBAD7 /* Pods_MyWeatherAppUITests.framework in Frameworks */,
			);
			runOnlyForDeploymentPostprocessing = 0;
		};
/* End PBXFrameworksBuildPhase section */

/* Begin PBXGroup section */
		1EBEAAB12652992ACF7EF39C /* Pods */ = {
			isa = PBXGroup;
			children = (
				801157B0B9EE465A925ECFBE /* Pods-MyWeatherApp.debug.xcconfig */,
				48C99989CCC9DDAE2CC17D8F /* Pods-MyWeatherApp.release.xcconfig */,
				0CFFE60014596BD727CC7152 /* Pods-MyWeatherAppTests.debug.xcconfig */,
				C2D6F0CF664489999AAC2531 /* Pods-MyWeatherAppTests.release.xcconfig */,
				7EC25549E540F0C7EA62FCA0 /* Pods-MyWeatherAppUITests.debug.xcconfig */,
				93AA011D1C87C62D12C2DE57 /* Pods-MyWeatherAppUITests.release.xcconfig */,
			);
			name = Pods;
			sourceTree = "<group>";
		};
		BA60F0827E27B6FB89D20FA0 /* Frameworks */ = {
			isa = PBXGroup;
			children = (
				12A18A4CBCCDBD8CD661F767 /* Pods_MyWeatherApp.framework */,
				B94691ACA51D392416443786 /* Pods_MyWeatherAppTests.framework */,
				F7C8C970CE398D461B9C1B6F /* Pods_MyWeatherAppUITests.framework */,
			);
			name = Frameworks;
			sourceTree = "<group>";
		};
		DBDB23FA1F1827F1006084C2 = {
			isa = PBXGroup;
			children = (
				DBDB24051F1827F2006084C2 /* MyWeatherApp */,
				DBDB241A1F1827F3006084C2 /* MyWeatherAppTests */,
				DBDB24251F1827F3006084C2 /* MyWeatherAppUITests */,
				DBDB24041F1827F2006084C2 /* Products */,
				1EBEAAB12652992ACF7EF39C /* Pods */,
				BA60F0827E27B6FB89D20FA0 /* Frameworks */,
			);
			sourceTree = "<group>";
		};
		DBDB24041F1827F2006084C2 /* Products */ = {
			isa = PBXGroup;
			children = (
				DBDB24031F1827F2006084C2 /* MyWeatherApp.app */,
				DBDB24171F1827F3006084C2 /* MyWeatherAppTests.xctest */,
				DBDB24221F1827F3006084C2 /* MyWeatherAppUITests.xctest */,
			);
			name = Products;
			sourceTree = "<group>";
		};
		DBDB24051F1827F2006084C2 /* MyWeatherApp */ = {
			isa = PBXGroup;
			children = (
				DBDB24361F1829D2006084C2 /* View */,
				DBDB24351F1829C9006084C2 /* Model */,
				DBDB24341F1829B7006084C2 /* Controller */,
				DBDB24061F1827F2006084C2 /* AppDelegate.swift */,
				DBDB240A1F1827F2006084C2 /* Main.storyboard */,
				DBDB240F1F1827F2006084C2 /* LaunchScreen.storyboard */,
				DBDB240D1F1827F2006084C2 /* Assets.xcassets */,
				DBDB24121F1827F2006084C2 /* Info.plist */,
			);
			path = MyWeatherApp;
			sourceTree = "<group>";
		};
		DBDB241A1F1827F3006084C2 /* MyWeatherAppTests */ = {
			isa = PBXGroup;
			children = (
				DBDB241B1F1827F3006084C2 /* MyWeatherAppTests.swift */,
				DBDB241D1F1827F3006084C2 /* Info.plist */,
			);
			path = MyWeatherAppTests;
			sourceTree = "<group>";
		};
		DBDB24251F1827F3006084C2 /* MyWeatherAppUITests */ = {
			isa = PBXGroup;
			children = (
				DBDB24261F1827F3006084C2 /* MyWeatherAppUITests.swift */,
				DBDB24281F1827F3006084C2 /* Info.plist */,
			);
			path = MyWeatherAppUITests;
			sourceTree = "<group>";
		};
		DBDB24341F1829B7006084C2 /* Controller */ = {
			isa = PBXGroup;
			children = (
				DBDB24081F1827F2006084C2 /* WeatherViewController.swift */,
			);
			name = Controller;
			sourceTree = "<group>";
		};
		DBDB24351F1829C9006084C2 /* Model */ = {
			isa = PBXGroup;
			children = (
				DB289D841F195602002830B7 /* Constants.swift */,
				DB289D861F195885002830B7 /* CurrentWeather.swift */,
				DB289D881F19774D002830B7 /* Forecast.swift */,
				DB289D8C1F1D4F6E002830B7 /* Location.swift */,
			);
			name = Model;
			sourceTree = "<group>";
		};
		DBDB24361F1829D2006084C2 /* View */ = {
			isa = PBXGroup;
			children = (
				DB289D8A1F1990FD002830B7 /* WeatherCell.swift */,
			);
			name = View;
			sourceTree = "<group>";
		};
/* End PBXGroup section */

/* Begin PBXNativeTarget section */
		DBDB24021F1827F2006084C2 /* MyWeatherApp */ = {
			isa = PBXNativeTarget;
			buildConfigurationList = DBDB242B1F1827F3006084C2 /* Build configuration list for PBXNativeTarget "MyWeatherApp" */;
			buildPhases = (
				6907B5843A5C8190C95595BC /* [CP] Check Pods Manifest.lock */,
				DBDB23FF1F1827F2006084C2 /* Sources */,
				DBDB24001F1827F2006084C2 /* Frameworks */,
				DBDB24011F1827F2006084C2 /* Resources */,
				C77ED9A7300B07DC5CC6FDAB /* [CP] Embed Pods Frameworks */,
				CE948F6616D263135E14B78A /* [CP] Copy Pods Resources */,
			);
			buildRules = (
			);
			dependencies = (
			);
			name = MyWeatherApp;
			productName = MyWeatherApp;
			productReference = DBDB24031F1827F2006084C2 /* MyWeatherApp.app */;
			productType = "com.apple.product-type.application";
		};
		DBDB24161F1827F3006084C2 /* MyWeatherAppTests */ = {
			isa = PBXNativeTarget;
			buildConfigurationList = DBDB242E1F1827F3006084C2 /* Build configuration list for PBXNativeTarget "MyWeatherAppTests" */;
			buildPhases = (
				AB8DB7B244D938B936CADC88 /* [CP] Check Pods Manifest.lock */,
				DBDB24131F1827F3006084C2 /* Sources */,
				DBDB24141F1827F3006084C2 /* Frameworks */,
				DBDB24151F1827F3006084C2 /* Resources */,
				5EB6A6DD0261E74DEDEEF6E4 /* [CP] Embed Pods Frameworks */,
				179ABBC105D78B83602E825D /* [CP] Copy Pods Resources */,
			);
			buildRules = (
			);
			dependencies = (
				DBDB24191F1827F3006084C2 /* PBXTargetDependency */,
			);
			name = MyWeatherAppTests;
			productName = MyWeatherAppTests;
			productReference = DBDB24171F1827F3006084C2 /* MyWeatherAppTests.xctest */;
			productType = "com.apple.product-type.bundle.unit-test";
		};
		DBDB24211F1827F3006084C2 /* MyWeatherAppUITests */ = {
			isa = PBXNativeTarget;
			buildConfigurationList = DBDB24311F1827F3006084C2 /* Build configuration list for PBXNativeTarget "MyWeatherAppUITests" */;
			buildPhases = (
				7C7FBC06182FD5394C851BB2 /* [CP] Check Pods Manifest.lock */,
				DBDB241E1F1827F3006084C2 /* Sources */,
				DBDB241F1F1827F3006084C2 /* Frameworks */,
				DBDB24201F1827F3006084C2 /* Resources */,
				3999C85C62677E497C9D0EC7 /* [CP] Embed Pods Frameworks */,
				7FC82B6AC797614DC20EF1C4 /* [CP] Copy Pods Resources */,
			);
			buildRules = (
			);
			dependencies = (
				DBDB24241F1827F3006084C2 /* PBXTargetDependency */,
			);
			name = MyWeatherAppUITests;
			productName = MyWeatherAppUITests;
			productReference = DBDB24221F1827F3006084C2 /* MyWeatherAppUITests.xctest */;
			productType = "com.apple.product-type.bundle.ui-testing";
		};
/* End PBXNativeTarget section */

/* Begin PBXProject section */
		DBDB23FB1F1827F2006084C2 /* Project object */ = {
			isa = PBXProject;
			attributes = {
				LastSwiftUpdateCheck = 0830;
				LastUpgradeCheck = 0830;
				ORGANIZATIONNAME = "Pragun Sharma";
				TargetAttributes = {
					DBDB24021F1827F2006084C2 = {
						CreatedOnToolsVersion = 8.3.3;
						DevelopmentTeam = 8LP7F4D4WS;
						ProvisioningStyle = Automatic;
					};
					DBDB24161F1827F3006084C2 = {
						CreatedOnToolsVersion = 8.3.3;
						DevelopmentTeam = 8LP7F4D4WS;
						ProvisioningStyle = Automatic;
						TestTargetID = DBDB24021F1827F2006084C2;
					};
					DBDB24211F1827F3006084C2 = {
						CreatedOnToolsVersion = 8.3.3;
						DevelopmentTeam = 8LP7F4D4WS;
						ProvisioningStyle = Automatic;
						TestTargetID = DBDB24021F1827F2006084C2;
					};
				};
			};
			buildConfigurationList = DBDB23FE1F1827F2006084C2 /* Build configuration list for PBXProject "MyWeatherApp" */;
			compatibilityVersion = "Xcode 3.2";
			developmentRegion = English;
			hasScannedForEncodings = 0;
			knownRegions = (
				en,
				Base,
			);
			mainGroup = DBDB23FA1F1827F1006084C2;
			productRefGroup = DBDB24041F1827F2006084C2 /* Products */;
			projectDirPath = "";
			projectRoot = "";
			targets = (
				DBDB24021F1827F2006084C2 /* MyWeatherApp */,
				DBDB24161F1827F3006084C2 /* MyWeatherAppTests */,
				DBDB24211F1827F3006084C2 /* MyWeatherAppUITests */,
			);
		};
/* End PBXProject section */

/* Begin PBXResourcesBuildPhase section */
		DBDB24011F1827F2006084C2 /* Resources */ = {
			isa = PBXResourcesBuildPhase;
			buildActionMask = 2147483647;
			files = (
				DBDB24111F1827F2006084C2 /* LaunchScreen.storyboard in Resources */,
				DBDB240E1F1827F2006084C2 /* Assets.xcassets in Resources */,
				DBDB240C1F1827F2006084C2 /* Main.storyboard in Resources */,
			);
			runOnlyForDeploymentPostprocessing = 0;
		};
		DBDB24151F1827F3006084C2 /* Resources */ = {
			isa = PBXResourcesBuildPhase;
			buildActionMask = 2147483647;
			files = (
			);
			runOnlyForDeploymentPostprocessing = 0;
		};
		DBDB24201F1827F3006084C2 /* Resources */ = {
			isa = PBXResourcesBuildPhase;
			buildActionMask = 2147483647;
			files = (
			);
			runOnlyForDeploymentPostprocessing = 0;
		};
/* End PBXResourcesBuildPhase section */

/* Begin PBXShellScriptBuildPhase section */
		179ABBC105D78B83602E825D /* [CP] Copy Pods Resources */ = {
			isa = PBXShellScriptBuildPhase;
			buildActionMask = 2147483647;
			files = (
			);
			inputPaths = (
			);
			name = "[CP] Copy Pods Resources";
			outputPaths = (
			);
			runOnlyForDeploymentPostprocessing = 0;
			shellPath = /bin/sh;
			shellScript = "\"${SRCROOT}/Pods/Target Support Files/Pods-MyWeatherAppTests/Pods-MyWeatherAppTests-resources.sh\"\n";
			showEnvVarsInLog = 0;
		};
		3999C85C62677E497C9D0EC7 /* [CP] Embed Pods Frameworks */ = {
			isa = PBXShellScriptBuildPhase;
			buildActionMask = 2147483647;
			files = (
			);
			inputPaths = (
			);
			name = "[CP] Embed Pods Frameworks";
			outputPaths = (
			);
			runOnlyForDeploymentPostprocessing = 0;
			shellPath = /bin/sh;
			shellScript = "\"${SRCROOT}/Pods/Target Support Files/Pods-MyWeatherAppUITests/Pods-MyWeatherAppUITests-frameworks.sh\"\n";
			showEnvVarsInLog = 0;
		};
		5EB6A6DD0261E74DEDEEF6E4 /* [CP] Embed Pods Frameworks */ = {
			isa = PBXShellScriptBuildPhase;
			buildActionMask = 2147483647;
			files = (
			);
			inputPaths = (
			);
			name = "[CP] Embed Pods Frameworks";
			outputPaths = (
			);
			runOnlyForDeploymentPostprocessing = 0;
			shellPath = /bin/sh;
			shellScript = "\"${SRCROOT}/Pods/Target Support Files/Pods-MyWeatherAppTests/Pods-MyWeatherAppTests-frameworks.sh\"\n";
			showEnvVarsInLog = 0;
		};
		6907B5843A5C8190C95595BC /* [CP] Check Pods Manifest.lock */ = {
			isa = PBXShellScriptBuildPhase;
			buildActionMask = 2147483647;
			files = (
			);
			inputPaths = (
			);
			name = "[CP] Check Pods Manifest.lock";
			outputPaths = (
			);
			runOnlyForDeploymentPostprocessing = 0;
			shellPath = /bin/sh;
			shellScript = "diff \"${PODS_PODFILE_DIR_PATH}/Podfile.lock\" \"${PODS_ROOT}/Manifest.lock\" > /dev/null\nif [ $? != 0 ] ; then\n    # print error to STDERR\n    echo \"error: The sandbox is not in sync with the Podfile.lock. Run 'pod install' or update your CocoaPods installation.\" >&2\n    exit 1\nfi\n";
			showEnvVarsInLog = 0;
		};
		7C7FBC06182FD5394C851BB2 /* [CP] Check Pods Manifest.lock */ = {
			isa = PBXShellScriptBuildPhase;
			buildActionMask = 2147483647;
			files = (
			);
			inputPaths = (
			);
			name = "[CP] Check Pods Manifest.lock";
			outputPaths = (
			);
			runOnlyForDeploymentPostprocessing = 0;
			shellPath = /bin/sh;
			shellScript = "diff \"${PODS_PODFILE_DIR_PATH}/Podfile.lock\" \"${PODS_ROOT}/Manifest.lock\" > /dev/null\nif [ $? != 0 ] ; then\n    # print error to STDERR\n    echo \"error: The sandbox is not in sync with the Podfile.lock. Run 'pod install' or update your CocoaPods installation.\" >&2\n    exit 1\nfi\n";
			showEnvVarsInLog = 0;
		};
		7FC82B6AC797614DC20EF1C4 /* [CP] Copy Pods Resources */ = {
			isa = PBXShellScriptBuildPhase;
			buildActionMask = 2147483647;
			files = (
			);
			inputPaths = (
			);
			name = "[CP] Copy Pods Resources";
			outputPaths = (
			);
			runOnlyForDeploymentPostprocessing = 0;
			shellPath = /bin/sh;
			shellScript = "\"${SRCROOT}/Pods/Target Support Files/Pods-MyWeatherAppUITests/Pods-MyWeatherAppUITests-resources.sh\"\n";
			showEnvVarsInLog = 0;
		};
		AB8DB7B244D938B936CADC88 /* [CP] Check Pods Manifest.lock */ = {
			isa = PBXShellScriptBuildPhase;
			buildActionMask = 2147483647;
			files = (
			);
			inputPaths = (
			);
			name = "[CP] Check Pods Manifest.lock";
			outputPaths = (
			);
			runOnlyForDeploymentPostprocessing = 0;
			shellPath = /bin/sh;
			shellScript = "diff \"${PODS_PODFILE_DIR_PATH}/Podfile.lock\" \"${PODS_ROOT}/Manifest.lock\" > /dev/null\nif [ $? != 0 ] ; then\n    # print error to STDERR\n    echo \"error: The sandbox is not in sync with the Podfile.lock. Run 'pod install' or update your CocoaPods installation.\" >&2\n    exit 1\nfi\n";
			showEnvVarsInLog = 0;
		};
		C77ED9A7300B07DC5CC6FDAB /* [CP] Embed Pods Frameworks */ = {
			isa = PBXShellScriptBuildPhase;
			buildActionMask = 2147483647;
			files = (
			);
			inputPaths = (
			);
			name = "[CP] Embed Pods Frameworks";
			outputPaths = (
			);
			runOnlyForDeploymentPostprocessing = 0;
			shellPath = /bin/sh;
			shellScript = "\"${SRCROOT}/Pods/Target Support Files/Pods-MyWeatherApp/Pods-MyWeatherApp-frameworks.sh\"\n";
			showEnvVarsInLog = 0;
		};
		CE948F6616D263135E14B78A /* [CP] Copy Pods Resources */ = {
			isa = PBXShellScriptBuildPhase;
			buildActionMask = 2147483647;
			files = (
			);
			inputPaths = (
			);
			name = "[CP] Copy Pods Resources";
			outputPaths = (
			);
			runOnlyForDeploymentPostprocessing = 0;
			shellPath = /bin/sh;
			shellScript = "\"${SRCROOT}/Pods/Target Support Files/Pods-MyWeatherApp/Pods-MyWeatherApp-resources.sh\"\n";
			showEnvVarsInLog = 0;
		};
/* End PBXShellScriptBuildPhase section */

/* Begin PBXSourcesBuildPhase section */
		DBDB23FF1F1827F2006084C2 /* Sources */ = {
			isa = PBXSourcesBuildPhase;
			buildActionMask = 2147483647;
			files = (
				DBDB24091F1827F2006084C2 /* WeatherViewController.swift in Sources */,
				DBDB24071F1827F2006084C2 /* AppDelegate.swift in Sources */,
				DB289D8B1F1990FD002830B7 /* WeatherCell.swift in Sources */,
				DB289D871F195885002830B7 /* CurrentWeather.swift in Sources */,
				DB289D851F195602002830B7 /* Constants.swift in Sources */,
				DB289D891F19774D002830B7 /* Forecast.swift in Sources */,
				DB289D8D1F1D4F6E002830B7 /* Location.swift in Sources */,
			);
			runOnlyForDeploymentPostprocessing = 0;
		};
		DBDB24131F1827F3006084C2 /* Sources */ = {
			isa = PBXSourcesBuildPhase;
			buildActionMask = 2147483647;
			files = (
				DBDB241C1F1827F3006084C2 /* MyWeatherAppTests.swift in Sources */,
			);
			runOnlyForDeploymentPostprocessing = 0;
		};
		DBDB241E1F1827F3006084C2 /* Sources */ = {
			isa = PBXSourcesBuildPhase;
			buildActionMask = 2147483647;
			files = (
				DBDB24271F1827F3006084C2 /* MyWeatherAppUITests.swift in Sources */,
			);
			runOnlyForDeploymentPostprocessing = 0;
		};
/* End PBXSourcesBuildPhase section */

/* Begin PBXTargetDependency section */
		DBDB24191F1827F3006084C2 /* PBXTargetDependency */ = {
			isa = PBXTargetDependency;
			target = DBDB24021F1827F2006084C2 /* MyWeatherApp */;
			targetProxy = DBDB24181F1827F3006084C2 /* PBXContainerItemProxy */;
		};
		DBDB24241F1827F3006084C2 /* PBXTargetDependency */ = {
			isa = PBXTargetDependency;
			target = DBDB24021F1827F2006084C2 /* MyWeatherApp */;
			targetProxy = DBDB24231F1827F3006084C2 /* PBXContainerItemProxy */;
		};
/* End PBXTargetDependency section */

/* Begin PBXVariantGroup section */
		DBDB240A1F1827F2006084C2 /* Main.storyboard */ = {
			isa = PBXVariantGroup;
			children = (
				DBDB240B1F1827F2006084C2 /* Base */,
			);
			name = Main.storyboard;
			sourceTree = "<group>";
		};
		DBDB240F1F1827F2006084C2 /* LaunchScreen.storyboard */ = {
			isa = PBXVariantGroup;
			children = (
				DBDB24101F1827F2006084C2 /* Base */,
			);
			name = LaunchScreen.storyboard;
			sourceTree = "<group>";
		};
/* End PBXVariantGroup section */

/* Begin XCBuildConfiguration section */
		DBDB24291F1827F3006084C2 /* Debug */ = {
			isa = XCBuildConfiguration;
			buildSettings = {
				ALWAYS_SEARCH_USER_PATHS = NO;
				CLANG_ANALYZER_NONNULL = YES;
				CLANG_ANALYZER_NUMBER_OBJECT_CONVERSION = YES_AGGRESSIVE;
				CLANG_CXX_LANGUAGE_STANDARD = "gnu++0x";
				CLANG_CXX_LIBRARY = "libc++";
				CLANG_ENABLE_MODULES = YES;
				CLANG_ENABLE_OBJC_ARC = YES;
				CLANG_WARN_BOOL_CONVERSION = YES;
				CLANG_WARN_CONSTANT_CONVERSION = YES;
				CLANG_WARN_DIRECT_OBJC_ISA_USAGE = YES_ERROR;
				CLANG_WARN_DOCUMENTATION_COMMENTS = YES;
				CLANG_WARN_EMPTY_BODY = YES;
				CLANG_WARN_ENUM_CONVERSION = YES;
				CLANG_WARN_INFINITE_RECURSION = YES;
				CLANG_WARN_INT_CONVERSION = YES;
				CLANG_WARN_OBJC_ROOT_CLASS = YES_ERROR;
				CLANG_WARN_SUSPICIOUS_MOVE = YES;
				CLANG_WARN_UNREACHABLE_CODE = YES;
				CLANG_WARN__DUPLICATE_METHOD_MATCH = YES;
				"CODE_SIGN_IDENTITY[sdk=iphoneos*]" = "iPhone Developer";
				COPY_PHASE_STRIP = NO;
				DEBUG_INFORMATION_FORMAT = dwarf;
				ENABLE_STRICT_OBJC_MSGSEND = YES;
				ENABLE_TESTABILITY = YES;
				GCC_C_LANGUAGE_STANDARD = gnu99;
				GCC_DYNAMIC_NO_PIC = NO;
				GCC_NO_COMMON_BLOCKS = YES;
				GCC_OPTIMIZATION_LEVEL = 0;
				GCC_PREPROCESSOR_DEFINITIONS = (
					"DEBUG=1",
					"$(inherited)",
				);
				GCC_WARN_64_TO_32_BIT_CONVERSION = YES;
				GCC_WARN_ABOUT_RETURN_TYPE = YES_ERROR;
				GCC_WARN_UNDECLARED_SELECTOR = YES;
				GCC_WARN_UNINITIALIZED_AUTOS = YES_AGGRESSIVE;
				GCC_WARN_UNUSED_FUNCTION = YES;
				GCC_WARN_UNUSED_VARIABLE = YES;
				IPHONEOS_DEPLOYMENT_TARGET = 10.3;
				MTL_ENABLE_DEBUG_INFO = YES;
				ONLY_ACTIVE_ARCH = YES;
				SDKROOT = iphoneos;
				SWIFT_ACTIVE_COMPILATION_CONDITIONS = DEBUG;
				SWIFT_OPTIMIZATION_LEVEL = "-Onone";
				TARGETED_DEVICE_FAMILY = "1,2";
			};
			name = Debug;
		};
		DBDB242A1F1827F3006084C2 /* Release */ = {
			isa = XCBuildConfiguration;
			buildSettings = {
				ALWAYS_SEARCH_USER_PATHS = NO;
				CLANG_ANALYZER_NONNULL = YES;
				CLANG_ANALYZER_NUMBER_OBJECT_CONVERSION = YES_AGGRESSIVE;
				CLANG_CXX_LANGUAGE_STANDARD = "gnu++0x";
				CLANG_CXX_LIBRARY = "libc++";
				CLANG_ENABLE_MODULES = YES;
				CLANG_ENABLE_OBJC_ARC = YES;
				CLANG_WARN_BOOL_CONVERSION = YES;
				CLANG_WARN_CONSTANT_CONVERSION = YES;
				CLANG_WARN_DIRECT_OBJC_ISA_USAGE = YES_ERROR;
				CLANG_WARN_DOCUMENTATION_COMMENTS = YES;
				CLANG_WARN_EMPTY_BODY = YES;
				CLANG_WARN_ENUM_CONVERSION = YES;
				CLANG_WARN_INFINITE_RECURSION = YES;
				CLANG_WARN_INT_CONVERSION = YES;
				CLANG_WARN_OBJC_ROOT_CLASS = YES_ERROR;
				CLANG_WARN_SUSPICIOUS_MOVE = YES;
				CLANG_WARN_UNREACHABLE_CODE = YES;
				CLANG_WARN__DUPLICATE_METHOD_MATCH = YES;
				"CODE_SIGN_IDENTITY[sdk=iphoneos*]" = "iPhone Developer";
				COPY_PHASE_STRIP = NO;
				DEBUG_INFORMATION_FORMAT = "dwarf-with-dsym";
				ENABLE_NS_ASSERTIONS = NO;
				ENABLE_STRICT_OBJC_MSGSEND = YES;
				GCC_C_LANGUAGE_STANDARD = gnu99;
				GCC_NO_COMMON_BLOCKS = YES;
				GCC_WARN_64_TO_32_BIT_CONVERSION = YES;
				GCC_WARN_ABOUT_RETURN_TYPE = YES_ERROR;
				GCC_WARN_UNDECLARED_SELECTOR = YES;
				GCC_WARN_UNINITIALIZED_AUTOS = YES_AGGRESSIVE;
				GCC_WARN_UNUSED_FUNCTION = YES;
				GCC_WARN_UNUSED_VARIABLE = YES;
				IPHONEOS_DEPLOYMENT_TARGET = 10.3;
				MTL_ENABLE_DEBUG_INFO = NO;
				SDKROOT = iphoneos;
				SWIFT_OPTIMIZATION_LEVEL = "-Owholemodule";
				TARGETED_DEVICE_FAMILY = "1,2";
				VALIDATE_PRODUCT = YES;
			};
			name = Release;
		};
		DBDB242C1F1827F3006084C2 /* Debug */ = {
			isa = XCBuildConfiguration;
			baseConfigurationReference = 801157B0B9EE465A925ECFBE /* Pods-MyWeatherApp.debug.xcconfig */;
			buildSettings = {
				ASSETCATALOG_COMPILER_APPICON_NAME = AppIcon;
				DEVELOPMENT_TEAM = 8LP7F4D4WS;
				INFOPLIST_FILE = MyWeatherApp/Info.plist;
				LD_RUNPATH_SEARCH_PATHS = "$(inherited) @executable_path/Frameworks";
				PRODUCT_BUNDLE_IDENTIFIER = PragunSharma.MyWeatherApp;
				PRODUCT_NAME = "$(TARGET_NAME)";
				SWIFT_VERSION = 3.0;
				TARGETED_DEVICE_FAMILY = 1;
			};
			name = Debug;
		};
		DBDB242D1F1827F3006084C2 /* Release */ = {
			isa = XCBuildConfiguration;
			baseConfigurationReference = 48C99989CCC9DDAE2CC17D8F /* Pods-MyWeatherApp.release.xcconfig */;
			buildSettings = {
				ASSETCATALOG_COMPILER_APPICON_NAME = AppIcon;
				DEVELOPMENT_TEAM = 8LP7F4D4WS;
				INFOPLIST_FILE = MyWeatherApp/Info.plist;
				LD_RUNPATH_SEARCH_PATHS = "$(inherited) @executable_path/Frameworks";
				PRODUCT_BUNDLE_IDENTIFIER = PragunSharma.MyWeatherApp;
				PRODUCT_NAME = "$(TARGET_NAME)";
				SWIFT_VERSION = 3.0;
				TARGETED_DEVICE_FAMILY = 1;
			};
			name = Release;
		};
		DBDB242F1F1827F3006084C2 /* Debug */ = {
			isa = XCBuildConfiguration;
			baseConfigurationReference = 0CFFE60014596BD727CC7152 /* Pods-MyWeatherAppTests.debug.xcconfig */;
			buildSettings = {
				ALWAYS_EMBED_SWIFT_STANDARD_LIBRARIES = YES;
				BUNDLE_LOADER = "$(TEST_HOST)";
				DEVELOPMENT_TEAM = 8LP7F4D4WS;
				INFOPLIST_FILE = MyWeatherAppTests/Info.plist;
				LD_RUNPATH_SEARCH_PATHS = "$(inherited) @executable_path/Frameworks @loader_path/Frameworks";
				PRODUCT_BUNDLE_IDENTIFIER = PragunSharma.MyWeatherAppTests;
				PRODUCT_NAME = "$(TARGET_NAME)";
				SWIFT_VERSION = 3.0;
				TEST_HOST = "$(BUILT_PRODUCTS_DIR)/MyWeatherApp.app/MyWeatherApp";
			};
			name = Debug;
		};
		DBDB24301F1827F3006084C2 /* Release */ = {
			isa = XCBuildConfiguration;
			baseConfigurationReference = C2D6F0CF664489999AAC2531 /* Pods-MyWeatherAppTests.release.xcconfig */;
			buildSettings = {
				ALWAYS_EMBED_SWIFT_STANDARD_LIBRARIES = YES;
				BUNDLE_LOADER = "$(TEST_HOST)";
				DEVELOPMENT_TEAM = 8LP7F4D4WS;
				INFOPLIST_FILE = MyWeatherAppTests/Info.plist;
				LD_RUNPATH_SEARCH_PATHS = "$(inherited) @executable_path/Frameworks @loader_path/Frameworks";
				PRODUCT_BUNDLE_IDENTIFIER = PragunSharma.MyWeatherAppTests;
				PRODUCT_NAME = "$(TARGET_NAME)";
				SWIFT_VERSION = 3.0;
				TEST_HOST = "$(BUILT_PRODUCTS_DIR)/MyWeatherApp.app/MyWeatherApp";
			};
			name = Release;
		};
		DBDB24321F1827F3006084C2 /* Debug */ = {
			isa = XCBuildConfiguration;
			baseConfigurationReference = 7EC25549E540F0C7EA62FCA0 /* Pods-MyWeatherAppUITests.debug.xcconfig */;
			buildSettings = {
				ALWAYS_EMBED_SWIFT_STANDARD_LIBRARIES = YES;
				DEVELOPMENT_TEAM = 8LP7F4D4WS;
				INFOPLIST_FILE = MyWeatherAppUITests/Info.plist;
				LD_RUNPATH_SEARCH_PATHS = "$(inherited) @executable_path/Frameworks @loader_path/Frameworks";
				PRODUCT_BUNDLE_IDENTIFIER = PragunSharma.MyWeatherAppUITests;
				PRODUCT_NAME = "$(TARGET_NAME)";
				SWIFT_VERSION = 3.0;
				TEST_TARGET_NAME = MyWeatherApp;
			};
			name = Debug;
		};
		DBDB24331F1827F3006084C2 /* Release */ = {
			isa = XCBuildConfiguration;
			baseConfigurationReference = 93AA011D1C87C62D12C2DE57 /* Pods-MyWeatherAppUITests.release.xcconfig */;
			buildSettings = {
				ALWAYS_EMBED_SWIFT_STANDARD_LIBRARIES = YES;
				DEVELOPMENT_TEAM = 8LP7F4D4WS;
				INFOPLIST_FILE = MyWeatherAppUITests/Info.plist;
				LD_RUNPATH_SEARCH_PATHS = "$(inherited) @executable_path/Frameworks @loader_path/Frameworks";
				PRODUCT_BUNDLE_IDENTIFIER = PragunSharma.MyWeatherAppUITests;
				PRODUCT_NAME = "$(TARGET_NAME)";
				SWIFT_VERSION = 3.0;
				TEST_TARGET_NAME = MyWeatherApp;
			};
			name = Release;
		};
/* End XCBuildConfiguration section */

/* Begin XCConfigurationList section */
		DBDB23FE1F1827F2006084C2 /* Build configuration list for PBXProject "MyWeatherApp" */ = {
			isa = XCConfigurationList;
			buildConfigurations = (
				DBDB24291F1827F3006084C2 /* Debug */,
				DBDB242A1F1827F3006084C2 /* Release */,
			);
			defaultConfigurationIsVisible = 0;
			defaultConfigurationName = Release;
		};
		DBDB242B1F1827F3006084C2 /* Build configuration list for PBXNativeTarget "MyWeatherApp" */ = {
			isa = XCConfigurationList;
			buildConfigurations = (
				DBDB242C1F1827F3006084C2 /* Debug */,
				DBDB242D1F1827F3006084C2 /* Release */,
			);
			defaultConfigurationIsVisible = 0;
			defaultConfigurationName = Release;
		};
		DBDB242E1F1827F3006084C2 /* Build configuration list for PBXNativeTarget "MyWeatherAppTests" */ = {
			isa = XCConfigurationList;
			buildConfigurations = (
				DBDB242F1F1827F3006084C2 /* Debug */,
				DBDB24301F1827F3006084C2 /* Release */,
			);
			defaultConfigurationIsVisible = 0;
			defaultConfigurationName = Release;
		};
		DBDB24311F1827F3006084C2 /* Build configuration list for PBXNativeTarget "MyWeatherAppUITests" */ = {
			isa = XCConfigurationList;
			buildConfigurations = (
				DBDB24321F1827F3006084C2 /* Debug */,
				DBDB24331F1827F3006084C2 /* Release */,
			);
			defaultConfigurationIsVisible = 0;
			defaultConfigurationName = Release;
		};
/* End XCConfigurationList section */
	};
	rootObject = DBDB23FB1F1827F2006084C2 /* Project object */;
}
